<?xml version="1.0" encoding="UTF-8" standalone="yes" ?>
<CodeBlocks_project_file>
	<FileVersion major="1" minor="6" />
	<Project>
		<Option title="FileIOTest" />
		<Option pch_mode="2" />
		<Option compiler="arm-elf-gcc" />
		<Build>
			<Target title="default">
				<Option output="default/FileIOTest.elf" prefix_auto="0" extension_auto="0" />
				<Option object_output="default" />
				<Option type="1" />
				<Option compiler="arm-elf-gcc" />
				<Compiler>
					<Add option="-g" />
				</Compiler>
			</Target>
		</Build>
		<Compiler>
			<Add option="-Wall" />
			<Add option="-g" />
			<Add option="-O2" />
			<Add option="-fno-common" />
			<Add option="-mcpu=arm7tdmi" />
			<Add option="-DEK_AT91SAM7A3" />
			<Add option="-D__NO_CTOR_DTOR_SUPPORT__" />
			<Add option="-DUSE_IRQ" />
			<Add directory="src" />
			<Add directory="h" />
		</Compiler>
		<Linker>
			<Add option="-s" />
			<Add option="-Wl,-Map,map.txt" />
			<Add option="-mcpu=arm7tdmi" />
			<Add option="-T ld/target.ld" />
		</Linker>
		<Unit filename="C:/Users/ryan/Documents/Arduino/SettingsFileHandler/SettingsFileHandler/ConfigSettings.h" />
		<Unit filename="h/at91sam7a3.h" />
		<Unit filename="h/sam7a3ek.h" />
		<Unit filename="ld/target.ld" />
		<Unit filename="ld/targetRAM.ld" />
		<Unit filename="src/main.c">
			<Option compilerVar="CC" />
		</Unit>
		<Unit filename="src/vectors.S" />
		<Extensions>
			<code_completion />
			<envvars />
			<debugger />
		</Extensions>
	</Project>
</CodeBlocks_project_file>
